// !$*UTF8*$!
{
	archiveVersion = 1;
	classes = {
	};
	objectVersion = 48;
	objects = {

/* Begin PBXBuildFile section */
		479A90AD1FA6F6D10060CFD1 /* AppDelegate.m in Sources */ = {isa = PBXBuildFile; fileRef = 479A90AC1FA6F6D10060CFD1 /* AppDelegate.m */; };
		479A90B01FA6F6D10060CFD1 /* ViewController.m in Sources */ = {isa = PBXBuildFile; fileRef = 479A90AF1FA6F6D10060CFD1 /* ViewController.m */; };
		479A90B31FA6F6D10060CFD1 /* Main.storyboard in Resources */ = {isa = PBXBuildFile; fileRef = 479A90B11FA6F6D10060CFD1 /* Main.storyboard */; };
		479A90B51FA6F6D10060CFD1 /* Assets.xcassets in Resources */ = {isa = PBXBuildFile; fileRef = 479A90B41FA6F6D10060CFD1 /* Assets.xcassets */; };
		479A90B81FA6F6D10060CFD1 /* LaunchScreen.storyboard in Resources */ = {isa = PBXBuildFile; fileRef = 479A90B61FA6F6D10060CFD1 /* LaunchScreen.storyboard */; };
		479A90BB1FA6F6D10060CFD1 /* main.m in Sources */ = {isa = PBXBuildFile; fileRef = 479A90BA1FA6F6D10060CFD1 /* main.m */; };
		479A90C51FA6F6D10060CFD1 /* GitTestDemoL2017Tests.m in Sources */ = {isa = PBXBuildFile; fileRef = 479A90C41FA6F6D10060CFD1 /* GitTestDemoL2017Tests.m */; };
		479A90D01FA6F6D10060CFD1 /* GitTestDemoL2017UITests.m in Sources */ = {isa = PBXBuildFile; fileRef = 479A90CF1FA6F6D10060CFD1 /* GitTestDemoL2017UITests.m */; };
/* End PBXBuildFile section */

/* Begin PBXContainerItemProxy section */
		479A90C11FA6F6D10060CFD1 /* PBXContainerItemProxy */ = {
			isa = PBXContainerItemProxy;
			containerPortal = 479A90A01FA6F6D10060CFD1 /* Project object */;
			proxyType = 1;
			remoteGlobalIDString = 479A90A71FA6F6D10060CFD1;
			remoteInfo = GitTestDemoL2017;
		};
		479A90CC1FA6F6D10060CFD1 /* PBXContainerItemProxy */ = {
			isa = PBXContainerItemProxy;
			containerPortal = 479A90A01FA6F6D10060CFD1 /* Project object */;
			proxyType = 1;
			remoteGlobalIDString = 479A90A71FA6F6D10060CFD1;
			remoteInfo = GitTestDemoL2017;
		};
/* End PBXContainerItemProxy section */

/* Begin PBXFileReference section */
		479A90A81FA6F6D10060CFD1 /* GitTestDemoL2017.app */ = {isa = PBXFileReference; explicitFileType = wrapper.application; includeInIndex = 0; path = GitTestDemoL2017.app; sourceTree = BUILT_PRODUCTS_DIR; };
		479A90AB1FA6F6D10060CFD1 /* AppDelegate.h */ = {isa = PBXFileReference; lastKnownFileType = sourcecode.c.h; path = AppDelegate.h; sourceTree = "<group>"; };
		479A90AC1FA6F6D10060CFD1 /* AppDelegate.m */ = {isa = PBXFileReference; lastKnownFileType = sourcecode.c.objc; path = AppDelegate.m; sourceTree = "<group>"; };
		479A90AE1FA6F6D10060CFD1 /* ViewController.h */ = {isa = PBXFileReference; lastKnownFileType = sourcecode.c.h; path = ViewController.h; sourceTree = "<group>"; };
		479A90AF1FA6F6D10060CFD1 /* ViewController.m */ = {isa = PBXFileReference; lastKnownFileType = sourcecode.c.objc; path = ViewController.m; sourceTree = "<group>"; };
		479A90B21FA6F6D10060CFD1 /* Base */ = {isa = PBXFileReference; lastKnownFileType = file.storyboard; name = Base; path = Base.lproj/Main.storyboard; sourceTree = "<group>"; };
		479A90B41FA6F6D10060CFD1 /* Assets.xcassets */ = {isa = PBXFileReference; lastKnownFileType = folder.assetcatalog; path = Assets.xcassets; sourceTree = "<group>"; };
		479A90B71FA6F6D10060CFD1 /* Base */ = {isa = PBXFileReference; lastKnownFileType = file.storyboard; name = Base; path = Base.lproj/LaunchScreen.storyboard; sourceTree = "<group>"; };
		479A90B91FA6F6D10060CFD1 /* Info.plist */ = {isa = PBXFileReference; lastKnownFileType = text.plist.xml; path = Info.plist; sourceTree = "<group>"; };
		479A90BA1FA6F6D10060CFD1 /* main.m */ = {isa = PBXFileReference; lastKnownFileType = sourcecode.c.objc; path = main.m; sourceTree = "<group>"; };
		479A90C01FA6F6D10060CFD1 /* GitTestDemoL2017Tests.xctest */ = {isa = PBXFileReference; explicitFileType = wrapper.cfbundle; includeInIndex = 0; path = GitTestDemoL2017Tests.xctest; sourceTree = BUILT_PRODUCTS_DIR; };
		479A90C41FA6F6D10060CFD1 /* GitTestDemoL2017Tests.m */ = {isa = PBXFileReference; lastKnownFileType = sourcecode.c.objc; path = GitTestDemoL2017Tests.m; sourceTree = "<group>"; };
		479A90C61FA6F6D10060CFD1 /* Info.plist */ = {isa = PBXFileReference; lastKnownFileType = text.plist.xml; path = Info.plist; sourceTree = "<group>"; };
		479A90CB1FA6F6D10060CFD1 /* GitTestDemoL2017UITests.xctest */ = {isa = PBXFileReference; explicitFileType = wrapper.cfbundle; includeInIndex = 0; path = GitTestDemoL2017UITests.xctest; sourceTree = BUILT_PRODUCTS_DIR; };
		479A90CF1FA6F6D10060CFD1 /* GitTestDemoL2017UITests.m */ = {isa = PBXFileReference; lastKnownFileType = sourcecode.c.objc; path = GitTestDemoL2017UITests.m; sourceTree = "<group>"; };
		479A90D11FA6F6D10060CFD1 /* Info.plist */ = {isa = PBXFileReference; lastKnownFileType = text.plist.xml; path = Info.plist; sourceTree = "<group>"; };
/* End PBXFileReference section */

/* Begin PBXFrameworksBuildPhase section */
		479A90A51FA6F6D10060CFD1 /* Frameworks */ = {
			isa = PBXFrameworksBuildPhase;
			buildActionMask = 2147483647;
			files = (
			);
			runOnlyForDeploymentPostprocessing = 0;
		};
		479A90BD1FA6F6D10060CFD1 /* Frameworks */ = {
			isa = PBXFrameworksBuildPhase;
			buildActionMask = 2147483647;
			files = (
			);
			runOnlyForDeploymentPostprocessing = 0;
		};
		479A90C81FA6F6D10060CFD1 /* Frameworks */ = {
			isa = PBXFrameworksBuildPhase;
			buildActionMask = 2147483647;
			files = (
			);
			runOnlyForDeploymentPostprocessing = 0;
		};
/* End PBXFrameworksBuildPhase section */

/* Begin PBXGroup section */
		479A909F1FA6F6D10060CFD1 = {
			isa = PBXGroup;
			children = (
				479A90AA1FA6F6D10060CFD1 /* GitTestDemoL2017 */,
				479A90C31FA6F6D10060CFD1 /* GitTestDemoL2017Tests */,
				479A90CE1FA6F6D10060CFD1 /* GitTestDemoL2017UITests */,
				479A90A91FA6F6D10060CFD1 /* Products */,
			);
			sourceTree = "<group>";
		};
		479A90A91FA6F6D10060CFD1 /* Products */ = {
			isa = PBXGroup;
			children = (
				479A90A81FA6F6D10060CFD1 /* GitTestDemoL2017.app */,
				479A90C01FA6F6D10060CFD1 /* GitTestDemoL2017Tests.xctest */,
				479A90CB1FA6F6D10060CFD1 /* GitTestDemoL2017UITests.xctest */,
			);
			name = Products;
			sourceTree = "<group>";
		};
		479A90AA1FA6F6D10060CFD1 /* GitTestDemoL2017 */ = {
			isa = PBXGroup;
			children = (
				479A90AB1FA6F6D10060CFD1 /* AppDelegate.h */,
				479A90AC1FA6F6D10060CFD1 /* AppDelegate.m */,
				479A90AE1FA6F6D10060CFD1 /* ViewController.h */,
				479A90AF1FA6F6D10060CFD1 /* ViewController.m */,
				479A90B11FA6F6D10060CFD1 /* Main.storyboard */,
				479A90B41FA6F6D10060CFD1 /* Assets.xcassets */,
				479A90B61FA6F6D10060CFD1 /* LaunchScreen.storyboard */,
				479A90B91FA6F6D10060CFD1 /* Info.plist */,
				479A90BA1FA6F6D10060CFD1 /* main.m */,
			);
			path = GitTestDemoL2017;
			sourceTree = "<group>";
		};
		479A90C31FA6F6D10060CFD1 /* GitTestDemoL2017Tests */ = {
			isa = PBXGroup;
			children = (
				479A90C41FA6F6D10060CFD1 /* GitTestDemoL2017Tests.m */,
				479A90C61FA6F6D10060CFD1 /* Info.plist */,
			);
			path = GitTestDemoL2017Tests;
			sourceTree = "<group>";
		};
		479A90CE1FA6F6D10060CFD1 /* GitTestDemoL2017UITests */ = {
			isa = PBXGroup;
			children = (
				479A90CF1FA6F6D10060CFD1 /* GitTestDemoL2017UITests.m */,
				479A90D11FA6F6D10060CFD1 /* Info.plist */,
			);
			path = GitTestDemoL2017UITests;
			sourceTree = "<group>";
		};
/* End PBXGroup section */

/* Begin PBXNativeTarget section */
		479A90A71FA6F6D10060CFD1 /* GitTestDemoL2017 */ = {
			isa = PBXNativeTarget;
			buildConfigurationList = 479A90D41FA6F6D10060CFD1 /* Build configuration list for PBXNativeTarget "GitTestDemoL2017" */;
			buildPhases = (
				479A90A41FA6F6D10060CFD1 /* Sources */,
				479A90A51FA6F6D10060CFD1 /* Frameworks */,
				479A90A61FA6F6D10060CFD1 /* Resources */,
			);
			buildRules = (
			);
			dependencies = (
			);
			name = GitTestDemoL2017;
			productName = GitTestDemoL2017;
			productReference = 479A90A81FA6F6D10060CFD1 /* GitTestDemoL2017.app */;
			productType = "com.apple.product-type.application";
		};
		479A90BF1FA6F6D10060CFD1 /* GitTestDemoL2017Tests */ = {
			isa = PBXNativeTarget;
			buildConfigurationList = 479A90D71FA6F6D10060CFD1 /* Build configuration list for PBXNativeTarget "GitTestDemoL2017Tests" */;
			buildPhases = (
				479A90BC1FA6F6D10060CFD1 /* Sources */,
				479A90BD1FA6F6D10060CFD1 /* Frameworks */,
				479A90BE1FA6F6D10060CFD1 /* Resources */,
			);
			buildRules = (
			);
			dependencies = (
				479A90C21FA6F6D10060CFD1 /* PBXTargetDependency */,
			);
			name = GitTestDemoL2017Tests;
			productName = GitTestDemoL2017Tests;
			productReference = 479A90C01FA6F6D10060CFD1 /* GitTestDemoL2017Tests.xctest */;
			productType = "com.apple.product-type.bundle.unit-test";
		};
		479A90CA1FA6F6D10060CFD1 /* GitTestDemoL2017UITests */ = {
			isa = PBXNativeTarget;
			buildConfigurationList = 479A90DA1FA6F6D10060CFD1 /* Build configuration list for PBXNativeTarget "GitTestDemoL2017UITests" */;
			buildPhases = (
				479A90C71FA6F6D10060CFD1 /* Sources */,
				479A90C81FA6F6D10060CFD1 /* Frameworks */,
				479A90C91FA6F6D10060CFD1 /* Resources */,
			);
			buildRules = (
			);
			dependencies = (
				479A90CD1FA6F6D10060CFD1 /* PBXTargetDependency */,
			);
			name = GitTestDemoL2017UITests;
			productName = GitTestDemoL2017UITests;
			productReference = 479A90CB1FA6F6D10060CFD1 /* GitTestDemoL2017UITests.xctest */;
			productType = "com.apple.product-type.bundle.ui-testing";
		};
/* End PBXNativeTarget section */

/* Begin PBXProject section */
		479A90A01FA6F6D10060CFD1 /* Project object */ = {
			isa = PBXProject;
			attributes = {
				LastUpgradeCheck = 0900;
				ORGANIZATIONNAME = zhuzhijia;
				TargetAttributes = {
					479A90A71FA6F6D10060CFD1 = {
						CreatedOnToolsVersion = 9.0;
						ProvisioningStyle = Automatic;
					};
					479A90BF1FA6F6D10060CFD1 = {
						CreatedOnToolsVersion = 9.0;
						ProvisioningStyle = Automatic;
						TestTargetID = 479A90A71FA6F6D10060CFD1;
					};
					479A90CA1FA6F6D10060CFD1 = {
						CreatedOnToolsVersion = 9.0;
						ProvisioningStyle = Automatic;
						TestTargetID = 479A90A71FA6F6D10060CFD1;
					};
				};
			};
			buildConfigurationList = 479A90A31FA6F6D10060CFD1 /* Build configuration list for PBXProject "GitTestDemoL2017" */;
			compatibilityVersion = "Xcode 8.0";
			developmentRegion = en;
			hasScannedForEncodings = 0;
			knownRegions = (
				en,
				Base,
			);
			mainGroup = 479A909F1FA6F6D10060CFD1;
			productRefGroup = 479A90A91FA6F6D10060CFD1 /* Products */;
			projectDirPath = "";
			projectRoot = "";
			targets = (
				479A90A71FA6F6D10060CFD1 /* GitTestDemoL2017 */,
				479A90BF1FA6F6D10060CFD1 /* GitTestDemoL2017Tests */,
				479A90CA1FA6F6D10060CFD1 /* GitTestDemoL2017UITests */,
			);
		};
/* End PBXProject section */

/* Begin PBXResourcesBuildPhase section */
		479A90A61FA6F6D10060CFD1 /* Resources */ = {
			isa = PBXResourcesBuildPhase;
			buildActionMask = 2147483647;
			files = (
				479A90B81FA6F6D10060CFD1 /* LaunchScreen.storyboard in Resources */,
				479A90B51FA6F6D10060CFD1 /* Assets.xcassets in Resources */,
				479A90B31FA6F6D10060CFD1 /* Main.storyboard in Resources */,
			);
			runOnlyForDeploymentPostprocessing = 0;
		};
		479A90BE1FA6F6D10060CFD1 /* Resources */ = {
			isa = PBXResourcesBuildPhase;
			buildActionMask = 2147483647;
			files = (
			);
			runOnlyForDeploymentPostprocessing = 0;
		};
		479A90C91FA6F6D10060CFD1 /* Resources */ = {
			isa = PBXResourcesBuildPhase;
			buildActionMask = 2147483647;
			files = (
			);
			runOnlyForDeploymentPostprocessing = 0;
		};
/* End PBXResourcesBuildPhase section */

/* Begin PBXSourcesBuildPhase section */
		479A90A41FA6F6D10060CFD1 /* Sources */ = {
			isa = PBXSourcesBuildPhase;
			buildActionMask = 2147483647;
			files = (
				479A90B01FA6F6D10060CFD1 /* ViewController.m in Sources */,
				479A90BB1FA6F6D10060CFD1 /* main.m in Sources */,
				479A90AD1FA6F6D10060CFD1 /* AppDelegate.m in Sources */,
			);
			runOnlyForDeploymentPostprocessing = 0;
		};
		479A90BC1FA6F6D10060CFD1 /* Sources */ = {
			isa = PBXSourcesBuildPhase;
			buildActionMask = 2147483647;
			files = (
				479A90C51FA6F6D10060CFD1 /* GitTestDemoL2017Tests.m in Sources */,
			);
			runOnlyForDeploymentPostprocessing = 0;
		};
		479A90C71FA6F6D10060CFD1 /* Sources */ = {
			isa = PBXSourcesBuildPhase;
			buildActionMask = 2147483647;
			files = (
				479A90D01FA6F6D10060CFD1 /* GitTestDemoL2017UITests.m in Sources */,
			);
			runOnlyForDeploymentPostprocessing = 0;
		};
/* End PBXSourcesBuildPhase section */

/* Begin PBXTargetDependency section */
		479A90C21FA6F6D10060CFD1 /* PBXTargetDependency */ = {
			isa = PBXTargetDependency;
			target = 479A90A71FA6F6D10060CFD1 /* GitTestDemoL2017 */;
			targetProxy = 479A90C11FA6F6D10060CFD1 /* PBXContainerItemProxy */;
		};
		479A90CD1FA6F6D10060CFD1 /* PBXTargetDependency */ = {
			isa = PBXTargetDependency;
			target = 479A90A71FA6F6D10060CFD1 /* GitTestDemoL2017 */;
			targetProxy = 479A90CC1FA6F6D10060CFD1 /* PBXContainerItemProxy */;
		};
/* End PBXTargetDependency section */

/* Begin PBXVariantGroup section */
		479A90B11FA6F6D10060CFD1 /* Main.storyboard */ = {
			isa = PBXVariantGroup;
			children = (
				479A90B21FA6F6D10060CFD1 /* Base */,
			);
			name = Main.storyboard;
			sourceTree = "<group>";
		};
		479A90B61FA6F6D10060CFD1 /* LaunchScreen.storyboard */ = {
			isa = PBXVariantGroup;
			children = (
				479A90B71FA6F6D10060CFD1 /* Base */,
			);
			name = LaunchScreen.storyboard;
			sourceTree = "<group>";
		};
/* End PBXVariantGroup section */

/* Begin XCBuildConfiguration section */
		479A90D21FA6F6D10060CFD1 /* Debug */ = {
			isa = XCBuildConfiguration;
			buildSettings = {
				ALWAYS_SEARCH_USER_PATHS = NO;
				CLANG_ANALYZER_NONNULL = YES;
				CLANG_ANALYZER_NUMBER_OBJECT_CONVERSION = YES_AGGRESSIVE;
				CLANG_CXX_LANGUAGE_STANDARD = "gnu++14";
				CLANG_CXX_LIBRARY = "libc++";
				CLANG_ENABLE_MODULES = YES;
				CLANG_ENABLE_OBJC_ARC = YES;
				CLANG_WARN_BLOCK_CAPTURE_AUTORELEASING = YES;
				CLANG_WARN_BOOL_CONVERSION = YES;
				CLANG_WARN_COMMA = YES;
				CLANG_WARN_CONSTANT_CONVERSION = YES;
				CLANG_WARN_DIRECT_OBJC_ISA_USAGE = YES_ERROR;
				CLANG_WARN_DOCUMENTATION_COMMENTS = YES;
				CLANG_WARN_EMPTY_BODY = YES;
				CLANG_WARN_ENUM_CONVERSION = YES;
				CLANG_WARN_INFINITE_RECURSION = YES;
				CLANG_WARN_INT_CONVERSION = YES;
				CLANG_WARN_NON_LITERAL_NULL_CONVERSION = YES;
				CLANG_WARN_OBJC_LITERAL_CONVERSION = YES;
				CLANG_WARN_OBJC_ROOT_CLASS = YES_ERROR;
				CLANG_WARN_RANGE_LOOP_ANALYSIS = YES;
				CLANG_WARN_STRICT_PROTOTYPES = YES;
				CLANG_WARN_SUSPICIOUS_MOVE = YES;
				CLANG_WARN_UNGUARDED_AVAILABILITY = YES_AGGRESSIVE;
				CLANG_WARN_UNREACHABLE_CODE = YES;
				CLANG_WARN__DUPLICATE_METHOD_MATCH = YES;
				CODE_SIGN_IDENTITY = "iPhone Developer";
				COPY_PHASE_STRIP = NO;
				DEBUG_INFORMATION_FORMAT = dwarf;
				ENABLE_STRICT_OBJC_MSGSEND = YES;
				ENABLE_TESTABILITY = YES;
				GCC_C_LANGUAGE_STANDARD = gnu11;
				GCC_DYNAMIC_NO_PIC = NO;
				GCC_NO_COMMON_BLOCKS = YES;
				GCC_OPTIMIZATION_LEVEL = 0;
				GCC_PREPROCESSOR_DEFINITIONS = (
					"DEBUG=1",
					"$(inherited)",
				);
				GCC_WARN_64_TO_32_BIT_CONVERSION = YES;
				GCC_WARN_ABOUT_RETURN_TYPE = YES_ERROR;
				GCC_WARN_UNDECLARED_SELECTOR = YES;
				GCC_WARN_UNINITIALIZED_AUTOS = YES_AGGRESSIVE;
				GCC_WARN_UNUSED_FUNCTION = YES;
				GCC_WARN_UNUSED_VARIABLE = YES;
				IPHONEOS_DEPLOYMENT_TARGET = 11.0;
				MTL_ENABLE_DEBUG_INFO = YES;
				ONLY_ACTIVE_ARCH = YES;
				SDKROOT = iphoneos;
			};
			name = Debug;
		};
		479A90D31FA6F6D10060CFD1 /* Release */ = {
			isa = XCBuildConfiguration;
			buildSettings = {
				ALWAYS_SEARCH_USER_PATHS = NO;
				CLANG_ANALYZER_NONNULL = YES;
				CLANG_ANALYZER_NUMBER_OBJECT_CONVERSION = YES_AGGRESSIVE;
				CLANG_CXX_LANGUAGE_STANDARD = "gnu++14";
				CLANG_CXX_LIBRARY = "libc++";
				CLANG_ENABLE_MODULES = YES;
				CLANG_ENABLE_OBJC_ARC = YES;
				CLANG_WARN_BLOCK_CAPTURE_AUTORELEASING = YES;
				CLANG_WARN_BOOL_CONVERSION = YES;
				CLANG_WARN_COMMA = YES;
				CLANG_WARN_CONSTANT_CONVERSION = YES;
				CLANG_WARN_DIRECT_OBJC_ISA_USAGE = YES_ERROR;
				CLANG_WARN_DOCUMENTATION_COMMENTS = YES;
				CLANG_WARN_EMPTY_BODY = YES;
				CLANG_WARN_ENUM_CONVERSION = YES;
				CLANG_WARN_INFINITE_RECURSION = YES;
				CLANG_WARN_INT_CONVERSION = YES;
				CLANG_WARN_NON_LITERAL_NULL_CONVERSION = YES;
				CLANG_WARN_OBJC_LITERAL_CONVERSION = YES;
				CLANG_WARN_OBJC_ROOT_CLASS = YES_ERROR;
				CLANG_WARN_RANGE_LOOP_ANALYSIS = YES;
				CLANG_WARN_STRICT_PROTOTYPES = YES;
				CLANG_WARN_SUSPICIOUS_MOVE = YES;
				CLANG_WARN_UNGUARDED_AVAILABILITY = YES_AGGRESSIVE;
				CLANG_WARN_UNREACHABLE_CODE = YES;
				CLANG_WARN__DUPLICATE_METHOD_MATCH = YES;
				CODE_SIGN_IDENTITY = "iPhone Developer";
				COPY_PHASE_STRIP = NO;
				DEBUG_INFORMATION_FORMAT = "dwarf-with-dsym";
				ENABLE_NS_ASSERTIONS = NO;
				ENABLE_STRICT_OBJC_MSGSEND = YES;
				GCC_C_LANGUAGE_STANDARD = gnu11;
				GCC_NO_COMMON_BLOCKS = YES;
				GCC_WARN_64_TO_32_BIT_CONVERSION = YES;
				GCC_WARN_ABOUT_RETURN_TYPE = YES_ERROR;
				GCC_WARN_UNDECLARED_SELECTOR = YES;
				GCC_WARN_UNINITIALIZED_AUTOS = YES_AGGRESSIVE;
				GCC_WARN_UNUSED_FUNCTION = YES;
				GCC_WARN_UNUSED_VARIABLE = YES;
				IPHONEOS_DEPLOYMENT_TARGET = 11.0;
				MTL_ENABLE_DEBUG_INFO = NO;
				SDKROOT = iphoneos;
				VALIDATE_PRODUCT = YES;
			};
			name = Release;
		};
		479A90D51FA6F6D10060CFD1 /* Debug */ = {
			isa = XCBuildConfiguration;
			buildSettings = {
				ASSETCATALOG_COMPILER_APPICON_NAME = AppIcon;
				CODE_SIGN_STYLE = Automatic;
				DEVELOPMENT_TEAM = KLZ6FTC7C7;
				INFOPLIST_FILE = GitTestDemoL2017/Info.plist;
				LD_RUNPATH_SEARCH_PATHS = "$(inherited) @executable_path/Frameworks";
				PRODUCT_BUNDLE_IDENTIFIER = longrise.GitTestDemoL2017;
				PRODUCT_NAME = "$(TARGET_NAME)";
				TARGETED_DEVICE_FAMILY = "1,2";
			};
			name = Debug;
		};
		479A90D61FA6F6D10060CFD1 /* Release */ = {
			isa = XCBuildConfiguration;
			buildSettings = {
				ASSETCATALOG_COMPILER_APPICON_NAME = AppIcon;
				CODE_SIGN_STYLE = Automatic;
				DEVELOPMENT_TEAM = KLZ6FTC7C7;
				INFOPLIST_FILE = GitTestDemoL2017/Info.plist;
				LD_RUNPATH_SEARCH_PATHS = "$(inherited) @executable_path/Frameworks";
				PRODUCT_BUNDLE_IDENTIFIER = longrise.GitTestDemoL2017;
				PRODUCT_NAME = "$(TARGET_NAME)";
				TARGETED_DEVICE_FAMILY = "1,2";
			};
			name = Release;
		};
		479A90D81FA6F6D10060CFD1 /* Debug */ = {
			isa = XCBuildConfiguration;
			buildSettings = {
				BUNDLE_LOADER = "$(TEST_HOST)";
				CODE_SIGN_STYLE = Automatic;
				DEVELOPMENT_TEAM = KLZ6FTC7C7;
				INFOPLIST_FILE = GitTestDemoL2017Tests/Info.plist;
				LD_RUNPATH_SEARCH_PATHS = "$(inherited) @executable_path/Frameworks @loader_path/Frameworks";
				PRODUCT_BUNDLE_IDENTIFIER = longrise.GitTestDemoL2017Tests;
				PRODUCT_NAME = "$(TARGET_NAME)";
				TARGETED_DEVICE_FAMILY = "1,2";
				TEST_HOST = "$(BUILT_PRODUCTS_DIR)/GitTestDemoL2017.app/GitTestDemoL2017";
			};
			name = Debug;
		};
		479A90D91FA6F6D10060CFD1 /* Release */ = {
			isa = XCBuildConfiguration;
			buildSettings = {
				BUNDLE_LOADER = "$(TEST_HOST)";
				CODE_SIGN_STYLE = Automatic;
				DEVELOPMENT_TEAM = KLZ6FTC7C7;
				INFOPLIST_FILE = GitTestDemoL2017Tests/Info.plist;
				LD_RUNPATH_SEARCH_PATHS = "$(inherited) @executable_path/Frameworks @loader_path/Frameworks";
				PRODUCT_BUNDLE_IDENTIFIER = longrise.GitTestDemoL2017Tests;
				PRODUCT_NAME = "$(TARGET_NAME)";
				TARGETED_DEVICE_FAMILY = "1,2";
				TEST_HOST = "$(BUILT_PRODUCTS_DIR)/GitTestDemoL2017.app/GitTestDemoL2017";
			};
			name = Release;
		};
		479A90DB1FA6F6D10060CFD1 /* Debug */ = {
			isa = XCBuildConfiguration;
			buildSettings = {
				CODE_SIGN_STYLE = Automatic;
				DEVELOPMENT_TEAM = KLZ6FTC7C7;
				INFOPLIST_FILE = GitTestDemoL2017UITests/Info.plist;
				LD_RUNPATH_SEARCH_PATHS = "$(inherited) @executable_path/Frameworks @loader_path/Frameworks";
				PRODUCT_BUNDLE_IDENTIFIER = longrise.GitTestDemoL2017UITests;
				PRODUCT_NAME = "$(TARGET_NAME)";
				TARGETED_DEVICE_FAMILY = "1,2";
				TEST_TARGET_NAME = GitTestDemoL2017;
			};
			name = Debug;
		};
		479A90DC1FA6F6D10060CFD1 /* Release */ = {
			isa = XCBuildConfiguration;
			buildSettings = {
				CODE_SIGN_STYLE = Automatic;
				DEVELOPMENT_TEAM = KLZ6FTC7C7;
				INFOPLIST_FILE = GitTestDemoL2017UITests/Info.plist;
				LD_RUNPATH_SEARCH_PATHS = "$(inherited) @executable_path/Frameworks @loader_path/Frameworks";
				PRODUCT_BUNDLE_IDENTIFIER = longrise.GitTestDemoL2017UITests;
				PRODUCT_NAME = "$(TARGET_NAME)";
				TARGETED_DEVICE_FAMILY = "1,2";
				TEST_TARGET_NAME = GitTestDemoL2017;
			};
			name = Release;
		};
/* End XCBuildConfiguration section */

/* Begin XCConfigurationList section */
		479A90A31FA6F6D10060CFD1 /* Build configuration list for PBXProject "GitTestDemoL2017" */ = {
			isa = XCConfigurationList;
			buildConfigurations = (
				479A90D21FA6F6D10060CFD1 /* Debug */,
				479A90D31FA6F6D10060CFD1 /* Release */,
			);
			defaultConfigurationIsVisible = 0;
			defaultConfigurationName = Release;
		};
		479A90D41FA6F6D10060CFD1 /* Build configuration list for PBXNativeTarget "GitTestDemoL2017" */ = {
			isa = XCConfigurationList;
			buildConfigurations = (
				479A90D51FA6F6D10060CFD1 /* Debug */,
				479A90D61FA6F6D10060CFD1 /* Release */,
			);
			defaultConfigurationIsVisible = 0;
			defaultConfigurationName = Release;
		};
		479A90D71FA6F6D10060CFD1 /* Build configuration list for PBXNativeTarget "GitTestDemoL2017Tests" */ = {
			isa = XCConfigurationList;
			buildConfigurations = (
				479A90D81FA6F6D10060CFD1 /* Debug */,
				479A90D91FA6F6D10060CFD1 /* Release */,
			);
			defaultConfigurationIsVisible = 0;
			defaultConfigurationName = Release;
		};
		479A90DA1FA6F6D10060CFD1 /* Build configuration list for PBXNativeTarget "GitTestDemoL2017UITests" */ = {
			isa = XCConfigurationList;
			buildConfigurations = (
				479A90DB1FA6F6D10060CFD1 /* Debug */,
				479A90DC1FA6F6D10060CFD1 /* Release */,
			);
			defaultConfigurationIsVisible = 0;
			defaultConfigurationName = Release;
		};
/* End XCConfigurationList section */
	};
	rootObject = 479A90A01FA6F6D10060CFD1 /* Project object */;
}
